// !$*UTF8*$!
{
	archiveVersion = 1;
	classes = {
	};
	objectVersion = 46;
	objects = {

/* Begin PBXBuildFile section */
		8E38A56A1D831B4600C39455 /* AppDelegate.swift in Sources */ = {isa = PBXBuildFile; fileRef = 8E38A5691D831B4600C39455 /* AppDelegate.swift */; };
		8E38A56C1D831B4600C39455 /* ViewController.swift in Sources */ = {isa = PBXBuildFile; fileRef = 8E38A56B1D831B4600C39455 /* ViewController.swift */; };
		8E38A56F1D831B4600C39455 /* Main.storyboard in Resources */ = {isa = PBXBuildFile; fileRef = 8E38A56D1D831B4600C39455 /* Main.storyboard */; };
		8E38A5711D831B4600C39455 /* Assets.xcassets in Resources */ = {isa = PBXBuildFile; fileRef = 8E38A5701D831B4600C39455 /* Assets.xcassets */; };
		8E38A5741D831B4600C39455 /* LaunchScreen.storyboard in Resources */ = {isa = PBXBuildFile; fileRef = 8E38A5721D831B4600C39455 /* LaunchScreen.storyboard */; };
		8E38A57F1D831B4600C39455 /* chessTests.swift in Sources */ = {isa = PBXBuildFile; fileRef = 8E38A57E1D831B4600C39455 /* chessTests.swift */; };
		8E38A58A1D831B4600C39455 /* chessUITests.swift in Sources */ = {isa = PBXBuildFile; fileRef = 8E38A5891D831B4600C39455 /* chessUITests.swift */; };
/* End PBXBuildFile section */

/* Begin PBXContainerItemProxy section */
		8E38A57B1D831B4600C39455 /* PBXContainerItemProxy */ = {
			isa = PBXContainerItemProxy;
			containerPortal = 8E38A55E1D831B4600C39455 /* Project object */;
			proxyType = 1;
			remoteGlobalIDString = 8E38A5651D831B4600C39455;
			remoteInfo = chess;
		};
		8E38A5861D831B4600C39455 /* PBXContainerItemProxy */ = {
			isa = PBXContainerItemProxy;
			containerPortal = 8E38A55E1D831B4600C39455 /* Project object */;
			proxyType = 1;
			remoteGlobalIDString = 8E38A5651D831B4600C39455;
			remoteInfo = chess;
		};
/* End PBXContainerItemProxy section */

/* Begin PBXFileReference section */
		8E38A5661D831B4600C39455 /* chess.app */ = {isa = PBXFileReference; explicitFileType = wrapper.application; includeInIndex = 0; path = chess.app; sourceTree = BUILT_PRODUCTS_DIR; };
		8E38A5691D831B4600C39455 /* AppDelegate.swift */ = {isa = PBXFileReference; lastKnownFileType = sourcecode.swift; path = AppDelegate.swift; sourceTree = "<group>"; };
		8E38A56B1D831B4600C39455 /* ViewController.swift */ = {isa = PBXFileReference; lastKnownFileType = sourcecode.swift; path = ViewController.swift; sourceTree = "<group>"; };
		8E38A56E1D831B4600C39455 /* Base */ = {isa = PBXFileReference; lastKnownFileType = file.storyboard; name = Base; path = Base.lproj/Main.storyboard; sourceTree = "<group>"; };
		8E38A5701D831B4600C39455 /* Assets.xcassets */ = {isa = PBXFileReference; lastKnownFileType = folder.assetcatalog; path = Assets.xcassets; sourceTree = "<group>"; };
		8E38A5731D831B4600C39455 /* Base */ = {isa = PBXFileReference; lastKnownFileType = file.storyboard; name = Base; path = Base.lproj/LaunchScreen.storyboard; sourceTree = "<group>"; };
		8E38A5751D831B4600C39455 /* Info.plist */ = {isa = PBXFileReference; lastKnownFileType = text.plist.xml; path = Info.plist; sourceTree = "<group>"; };
		8E38A57A1D831B4600C39455 /* chessTests.xctest */ = {isa = PBXFileReference; explicitFileType = wrapper.cfbundle; includeInIndex = 0; path = chessTests.xctest; sourceTree = BUILT_PRODUCTS_DIR; };
		8E38A57E1D831B4600C39455 /* chessTests.swift */ = {isa = PBXFileReference; lastKnownFileType = sourcecode.swift; path = chessTests.swift; sourceTree = "<group>"; };
		8E38A5801D831B4600C39455 /* Info.plist */ = {isa = PBXFileReference; lastKnownFileType = text.plist.xml; path = Info.plist; sourceTree = "<group>"; };
		8E38A5851D831B4600C39455 /* chessUITests.xctest */ = {isa = PBXFileReference; explicitFileType = wrapper.cfbundle; includeInIndex = 0; path = chessUITests.xctest; sourceTree = BUILT_PRODUCTS_DIR; };
		8E38A5891D831B4600C39455 /* chessUITests.swift */ = {isa = PBXFileReference; lastKnownFileType = sourcecode.swift; path = chessUITests.swift; sourceTree = "<group>"; };
		8E38A58B1D831B4600C39455 /* Info.plist */ = {isa = PBXFileReference; lastKnownFileType = text.plist.xml; path = Info.plist; sourceTree = "<group>"; };
/* End PBXFileReference section */

/* Begin PBXFrameworksBuildPhase section */
		8E38A5631D831B4600C39455 /* Frameworks */ = {
			isa = PBXFrameworksBuildPhase;
			buildActionMask = 2147483647;
			files = (
			);
			runOnlyForDeploymentPostprocessing = 0;
		};
		8E38A5771D831B4600C39455 /* Frameworks */ = {
			isa = PBXFrameworksBuildPhase;
			buildActionMask = 2147483647;
			files = (
			);
			runOnlyForDeploymentPostprocessing = 0;
		};
		8E38A5821D831B4600C39455 /* Frameworks */ = {
			isa = PBXFrameworksBuildPhase;
			buildActionMask = 2147483647;
			files = (
			);
			runOnlyForDeploymentPostprocessing = 0;
		};
/* End PBXFrameworksBuildPhase section */

/* Begin PBXGroup section */
		8E38A55D1D831B4600C39455 = {
			isa = PBXGroup;
			children = (
				8E38A5681D831B4600C39455 /* chess */,
				8E38A57D1D831B4600C39455 /* chessTests */,
				8E38A5881D831B4600C39455 /* chessUITests */,
				8E38A5671D831B4600C39455 /* Products */,
			);
			sourceTree = "<group>";
		};
		8E38A5671D831B4600C39455 /* Products */ = {
			isa = PBXGroup;
			children = (
				8E38A5661D831B4600C39455 /* chess.app */,
				8E38A57A1D831B4600C39455 /* chessTests.xctest */,
				8E38A5851D831B4600C39455 /* chessUITests.xctest */,
			);
			name = Products;
			sourceTree = "<group>";
		};
		8E38A5681D831B4600C39455 /* chess */ = {
			isa = PBXGroup;
			children = (
				8E38A5691D831B4600C39455 /* AppDelegate.swift */,
				8E38A56B1D831B4600C39455 /* ViewController.swift */,
				8E38A56D1D831B4600C39455 /* Main.storyboard */,
				8E38A5701D831B4600C39455 /* Assets.xcassets */,
				8E38A5721D831B4600C39455 /* LaunchScreen.storyboard */,
				8E38A5751D831B4600C39455 /* Info.plist */,
			);
			path = chess;
			sourceTree = "<group>";
		};
		8E38A57D1D831B4600C39455 /* chessTests */ = {
			isa = PBXGroup;
			children = (
				8E38A57E1D831B4600C39455 /* chessTests.swift */,
				8E38A5801D831B4600C39455 /* Info.plist */,
			);
			path = chessTests;
			sourceTree = "<group>";
		};
		8E38A5881D831B4600C39455 /* chessUITests */ = {
			isa = PBXGroup;
			children = (
				8E38A5891D831B4600C39455 /* chessUITests.swift */,
				8E38A58B1D831B4600C39455 /* Info.plist */,
			);
			path = chessUITests;
			sourceTree = "<group>";
		};
/* End PBXGroup section */

/* Begin PBXNativeTarget section */
		8E38A5651D831B4600C39455 /* chess */ = {
			isa = PBXNativeTarget;
			buildConfigurationList = 8E38A58E1D831B4600C39455 /* Build configuration list for PBXNativeTarget "chess" */;
			buildPhases = (
				8E38A5621D831B4600C39455 /* Sources */,
				8E38A5631D831B4600C39455 /* Frameworks */,
				8E38A5641D831B4600C39455 /* Resources */,
			);
			buildRules = (
			);
			dependencies = (
			);
			name = chess;
			productName = chess;
			productReference = 8E38A5661D831B4600C39455 /* chess.app */;
			productType = "com.apple.product-type.application";
		};
		8E38A5791D831B4600C39455 /* chessTests */ = {
			isa = PBXNativeTarget;
			buildConfigurationList = 8E38A5911D831B4600C39455 /* Build configuration list for PBXNativeTarget "chessTests" */;
			buildPhases = (
				8E38A5761D831B4600C39455 /* Sources */,
				8E38A5771D831B4600C39455 /* Frameworks */,
				8E38A5781D831B4600C39455 /* Resources */,
			);
			buildRules = (
			);
			dependencies = (
				8E38A57C1D831B4600C39455 /* PBXTargetDependency */,
			);
			name = chessTests;
			productName = chessTests;
			productReference = 8E38A57A1D831B4600C39455 /* chessTests.xctest */;
			productType = "com.apple.product-type.bundle.unit-test";
		};
		8E38A5841D831B4600C39455 /* chessUITests */ = {
			isa = PBXNativeTarget;
			buildConfigurationList = 8E38A5941D831B4600C39455 /* Build configuration list for PBXNativeTarget "chessUITests" */;
			buildPhases = (
				8E38A5811D831B4600C39455 /* Sources */,
				8E38A5821D831B4600C39455 /* Frameworks */,
				8E38A5831D831B4600C39455 /* Resources */,
			);
			buildRules = (
			);
			dependencies = (
				8E38A5871D831B4600C39455 /* PBXTargetDependency */,
			);
			name = chessUITests;
			productName = chessUITests;
			productReference = 8E38A5851D831B4600C39455 /* chessUITests.xctest */;
			productType = "com.apple.product-type.bundle.ui-testing";
		};
/* End PBXNativeTarget section */

/* Begin PBXProject section */
		8E38A55E1D831B4600C39455 /* Project object */ = {
			isa = PBXProject;
			attributes = {
				LastSwiftUpdateCheck = 0730;
				LastUpgradeCheck = 0730;
				ORGANIZATIONNAME = "Charlotte Abrams";
				TargetAttributes = {
					8E38A5651D831B4600C39455 = {
						CreatedOnToolsVersion = 7.3.1;
						DevelopmentTeam = EL9YZC6M48;
					};
					8E38A5791D831B4600C39455 = {
						CreatedOnToolsVersion = 7.3.1;
						TestTargetID = 8E38A5651D831B4600C39455;
					};
					8E38A5841D831B4600C39455 = {
						CreatedOnToolsVersion = 7.3.1;
						TestTargetID = 8E38A5651D831B4600C39455;
					};
				};
			};
			buildConfigurationList = 8E38A5611D831B4600C39455 /* Build configuration list for PBXProject "chess" */;
			compatibilityVersion = "Xcode 3.2";
			developmentRegion = English;
			hasScannedForEncodings = 0;
			knownRegions = (
				en,
				Base,
			);
			mainGroup = 8E38A55D1D831B4600C39455;
			productRefGroup = 8E38A5671D831B4600C39455 /* Products */;
			projectDirPath = "";
			projectRoot = "";
			targets = (
				8E38A5651D831B4600C39455 /* chess */,
				8E38A5791D831B4600C39455 /* chessTests */,
				8E38A5841D831B4600C39455 /* chessUITests */,
			);
		};
/* End PBXProject section */

/* Begin PBXResourcesBuildPhase section */
		8E38A5641D831B4600C39455 /* Resources */ = {
			isa = PBXResourcesBuildPhase;
			buildActionMask = 2147483647;
			files = (
				8E38A5741D831B4600C39455 /* LaunchScreen.storyboard in Resources */,
				8E38A5711D831B4600C39455 /* Assets.xcassets in Resources */,
				8E38A56F1D831B4600C39455 /* Main.storyboard in Resources */,
			);
			runOnlyForDeploymentPostprocessing = 0;
		};
		8E38A5781D831B4600C39455 /* Resources */ = {
			isa = PBXResourcesBuildPhase;
			buildActionMask = 2147483647;
			files = (
			);
			runOnlyForDeploymentPostprocessing = 0;
		};
		8E38A5831D831B4600C39455 /* Resources */ = {
			isa = PBXResourcesBuildPhase;
			buildActionMask = 2147483647;
			files = (
			);
			runOnlyForDeploymentPostprocessing = 0;
		};
/* End PBXResourcesBuildPhase section */

/* Begin PBXSourcesBuildPhase section */
		8E38A5621D831B4600C39455 /* Sources */ = {
			isa = PBXSourcesBuildPhase;
			buildActionMask = 2147483647;
			files = (
				8E38A56C1D831B4600C39455 /* ViewController.swift in Sources */,
				8E38A56A1D831B4600C39455 /* AppDelegate.swift in Sources */,
			);
			runOnlyForDeploymentPostprocessing = 0;
		};
		8E38A5761D831B4600C39455 /* Sources */ = {
			isa = PBXSourcesBuildPhase;
			buildActionMask = 2147483647;
			files = (
				8E38A57F1D831B4600C39455 /* chessTests.swift in Sources */,
			);
			runOnlyForDeploymentPostprocessing = 0;
		};
		8E38A5811D831B4600C39455 /* Sources */ = {
			isa = PBXSourcesBuildPhase;
			buildActionMask = 2147483647;
			files = (
				8E38A58A1D831B4600C39455 /* chessUITests.swift in Sources */,
			);
			runOnlyForDeploymentPostprocessing = 0;
		};
/* End PBXSourcesBuildPhase section */

/* Begin PBXTargetDependency section */
		8E38A57C1D831B4600C39455 /* PBXTargetDependency */ = {
			isa = PBXTargetDependency;
			target = 8E38A5651D831B4600C39455 /* chess */;
			targetProxy = 8E38A57B1D831B4600C39455 /* PBXContainerItemProxy */;
		};
		8E38A5871D831B4600C39455 /* PBXTargetDependency */ = {
			isa = PBXTargetDependency;
			target = 8E38A5651D831B4600C39455 /* chess */;
			targetProxy = 8E38A5861D831B4600C39455 /* PBXContainerItemProxy */;
		};
/* End PBXTargetDependency section */

/* Begin PBXVariantGroup section */
		8E38A56D1D831B4600C39455 /* Main.storyboard */ = {
			isa = PBXVariantGroup;
			children = (
				8E38A56E1D831B4600C39455 /* Base */,
			);
			name = Main.storyboard;
			sourceTree = "<group>";
		};
		8E38A5721D831B4600C39455 /* LaunchScreen.storyboard */ = {
			isa = PBXVariantGroup;
			children = (
				8E38A5731D831B4600C39455 /* Base */,
			);
			name = LaunchScreen.storyboard;
			sourceTree = "<group>";
		};
/* End PBXVariantGroup section */

/* Begin XCBuildConfiguration section */
		8E38A58C1D831B4600C39455 /* Debug */ = {
			isa = XCBuildConfiguration;
			buildSettings = {
				ALWAYS_SEARCH_USER_PATHS = NO;
				CLANG_ANALYZER_NONNULL = YES;
				CLANG_CXX_LANGUAGE_STANDARD = "gnu++0x";
				CLANG_CXX_LIBRARY = "libc++";
				CLANG_ENABLE_MODULES = YES;
				CLANG_ENABLE_OBJC_ARC = YES;
				CLANG_WARN_BOOL_CONVERSION = YES;
				CLANG_WARN_CONSTANT_CONVERSION = YES;
				CLANG_WARN_DIRECT_OBJC_ISA_USAGE = YES_ERROR;
				CLANG_WARN_EMPTY_BODY = YES;
				CLANG_WARN_ENUM_CONVERSION = YES;
				CLANG_WARN_INT_CONVERSION = YES;
				CLANG_WARN_OBJC_ROOT_CLASS = YES_ERROR;
				CLANG_WARN_UNREACHABLE_CODE = YES;
				CLANG_WARN__DUPLICATE_METHOD_MATCH = YES;
				"CODE_SIGN_IDENTITY[sdk=iphoneos*]" = "iPhone Developer";
				COPY_PHASE_STRIP = NO;
				DEBUG_INFORMATION_FORMAT = dwarf;
				ENABLE_STRICT_OBJC_MSGSEND = YES;
				ENABLE_TESTABILITY = YES;
				GCC_C_LANGUAGE_STANDARD = gnu99;
				GCC_DYNAMIC_NO_PIC = NO;
				GCC_NO_COMMON_BLOCKS = YES;
				GCC_OPTIMIZATION_LEVEL = 0;
				GCC_PREPROCESSOR_DEFINITIONS = (
					"DEBUG=1",
					"$(inherited)",
				);
				GCC_WARN_64_TO_32_BIT_CONVERSION = YES;
				GCC_WARN_ABOUT_RETURN_TYPE = YES_ERROR;
				GCC_WARN_UNDECLARED_SELECTOR = YES;
				GCC_WARN_UNINITIALIZED_AUTOS = YES_AGGRESSIVE;
				GCC_WARN_UNUSED_FUNCTION = YES;
				GCC_WARN_UNUSED_VARIABLE = YES;
				IPHONEOS_DEPLOYMENT_TARGET = 9.3;
				MTL_ENABLE_DEBUG_INFO = YES;
				ONLY_ACTIVE_ARCH = YES;
				SDKROOT = iphoneos;
				SWIFT_OPTIMIZATION_LEVEL = "-Onone";
				TARGETED_DEVICE_FAMILY = "1,2";
			};
			name = Debug;
		};
		8E38A58D1D831B4600C39455 /* Release */ = {
			isa = XCBuildConfiguration;
			buildSettings = {
				ALWAYS_SEARCH_USER_PATHS = NO;
				CLANG_ANALYZER_NONNULL = YES;
				CLANG_CXX_LANGUAGE_STANDARD = "gnu++0x";
				CLANG_CXX_LIBRARY = "libc++";
				CLANG_ENABLE_MODULES = YES;
				CLANG_ENABLE_OBJC_ARC = YES;
				CLANG_WARN_BOOL_CONVERSION = YES;
				CLANG_WARN_CONSTANT_CONVERSION = YES;
				CLANG_WARN_DIRECT_OBJC_ISA_USAGE = YES_ERROR;
				CLANG_WARN_EMPTY_BODY = YES;
				CLANG_WARN_ENUM_CONVERSION = YES;
				CLANG_WARN_INT_CONVERSION = YES;
				CLANG_WARN_OBJC_ROOT_CLASS = YES_ERROR;
				CLANG_WARN_UNREACHABLE_CODE = YES;
				CLANG_WARN__DUPLICATE_METHOD_MATCH = YES;
				"CODE_SIGN_IDENTITY[sdk=iphoneos*]" = "iPhone Developer";
				COPY_PHASE_STRIP = NO;
				DEBUG_INFORMATION_FORMAT = "dwarf-with-dsym";
				ENABLE_NS_ASSERTIONS = NO;
				ENABLE_STRICT_OBJC_MSGSEND = YES;
				GCC_C_LANGUAGE_STANDARD = gnu99;
				GCC_NO_COMMON_BLOCKS = YES;
				GCC_WARN_64_TO_32_BIT_CONVERSION = YES;
				GCC_WARN_ABOUT_RETURN_TYPE = YES_ERROR;
				GCC_WARN_UNDECLARED_SELECTOR = YES;
				GCC_WARN_UNINITIALIZED_AUTOS = YES_AGGRESSIVE;
				GCC_WARN_UNUSED_FUNCTION = YES;
				GCC_WARN_UNUSED_VARIABLE = YES;
				IPHONEOS_DEPLOYMENT_TARGET = 9.3;
				MTL_ENABLE_DEBUG_INFO = NO;
				SDKROOT = iphoneos;
				TARGETED_DEVICE_FAMILY = "1,2";
				VALIDATE_PRODUCT = YES;
			};
			name = Release;
		};
		8E38A58F1D831B4600C39455 /* Debug */ = {
			isa = XCBuildConfiguration;
			buildSettings = {
				ASSETCATALOG_COMPILER_APPICON_NAME = AppIcon;
				CODE_SIGN_IDENTITY = "iPhone Developer";
				"CODE_SIGN_IDENTITY[sdk=iphoneos*]" = "iPhone Developer";
				INFOPLIST_FILE = chess/Info.plist;
				LD_RUNPATH_SEARCH_PATHS = "$(inherited) @executable_path/Frameworks";
				PRODUCT_BUNDLE_IDENTIFIER = com.codingdojo.chess;
				PRODUCT_NAME = "$(TARGET_NAME)";
				PROVISIONING_PROFILE = "";
			};
			name = Debug;
		};
		8E38A5901D831B4600C39455 /* Release */ = {
			isa = XCBuildConfiguration;
			buildSettings = {
				ASSETCATALOG_COMPILER_APPICON_NAME = AppIcon;
				CODE_SIGN_IDENTITY = "iPhone Developer";
				"CODE_SIGN_IDENTITY[sdk=iphoneos*]" = "iPhone Developer";
				INFOPLIST_FILE = chess/Info.plist;
				LD_RUNPATH_SEARCH_PATHS = "$(inherited) @executable_path/Frameworks";
				PRODUCT_BUNDLE_IDENTIFIER = com.codingdojo.chess;
				PRODUCT_NAME = "$(TARGET_NAME)";
				PROVISIONING_PROFILE = "";
			};
			name = Release;
		};
		8E38A5921D831B4600C39455 /* Debug */ = {
			isa = XCBuildConfiguration;
			buildSettings = {
				BUNDLE_LOADER = "$(TEST_HOST)";
				INFOPLIST_FILE = chessTests/Info.plist;
				LD_RUNPATH_SEARCH_PATHS = "$(inherited) @executable_path/Frameworks @loader_path/Frameworks";
				PRODUCT_BUNDLE_IDENTIFIER = com.codingdojo.chessTests;
				PRODUCT_NAME = "$(TARGET_NAME)";
				TEST_HOST = "$(BUILT_PRODUCTS_DIR)/chess.app/chess";
			};
			name = Debug;
		};
		8E38A5931D831B4600C39455 /* Release */ = {
			isa = XCBuildConfiguration;
			buildSettings = {
				BUNDLE_LOADER = "$(TEST_HOST)";
				INFOPLIST_FILE = chessTests/Info.plist;
				LD_RUNPATH_SEARCH_PATHS = "$(inherited) @executable_path/Frameworks @loader_path/Frameworks";
				PRODUCT_BUNDLE_IDENTIFIER = com.codingdojo.chessTests;
				PRODUCT_NAME = "$(TARGET_NAME)";
				TEST_HOST = "$(BUILT_PRODUCTS_DIR)/chess.app/chess";
			};
			name = Release;
		};
		8E38A5951D831B4600C39455 /* Debug */ = {
			isa = XCBuildConfiguration;
			buildSettings = {
				INFOPLIST_FILE = chessUITests/Info.plist;
				LD_RUNPATH_SEARCH_PATHS = "$(inherited) @executable_path/Frameworks @loader_path/Frameworks";
				PRODUCT_BUNDLE_IDENTIFIER = com.codingdojo.chessUITests;
				PRODUCT_NAME = "$(TARGET_NAME)";
				TEST_TARGET_NAME = chess;
			};
			name = Debug;
		};
		8E38A5961D831B4600C39455 /* Release */ = {
			isa = XCBuildConfiguration;
			buildSettings = {
				INFOPLIST_FILE = chessUITests/Info.plist;
				LD_RUNPATH_SEARCH_PATHS = "$(inherited) @executable_path/Frameworks @loader_path/Frameworks";
				PRODUCT_BUNDLE_IDENTIFIER = com.codingdojo.chessUITests;
				PRODUCT_NAME = "$(TARGET_NAME)";
				TEST_TARGET_NAME = chess;
			};
			name = Release;
		};
/* End XCBuildConfiguration section */

/* Begin XCConfigurationList section */
		8E38A5611D831B4600C39455 /* Build configuration list for PBXProject "chess" */ = {
			isa = XCConfigurationList;
			buildConfigurations = (
				8E38A58C1D831B4600C39455 /* Debug */,
				8E38A58D1D831B4600C39455 /* Release */,
			);
			defaultConfigurationIsVisible = 0;
			defaultConfigurationName = Release;
		};
		8E38A58E1D831B4600C39455 /* Build configuration list for PBXNativeTarget "chess" */ = {
			isa = XCConfigurationList;
			buildConfigurations = (
				8E38A58F1D831B4600C39455 /* Debug */,
				8E38A5901D831B4600C39455 /* Release */,
			);
			defaultConfigurationIsVisible = 0;
		};
		8E38A5911D831B4600C39455 /* Build configuration list for PBXNativeTarget "chessTests" */ = {
			isa = XCConfigurationList;
			buildConfigurations = (
				8E38A5921D831B4600C39455 /* Debug */,
				8E38A5931D831B4600C39455 /* Release */,
			);
			defaultConfigurationIsVisible = 0;
		};
		8E38A5941D831B4600C39455 /* Build configuration list for PBXNativeTarget "chessUITests" */ = {
			isa = XCConfigurationList;
			buildConfigurations = (
				8E38A5951D831B4600C39455 /* Debug */,
				8E38A5961D831B4600C39455 /* Release */,
			);
			defaultConfigurationIsVisible = 0;
		};
/* End XCConfigurationList section */
	};
	rootObject = 8E38A55E1D831B4600C39455 /* Project object */;
}
